%{"bcrypt": {:git, "git://github.com/smarkets/erlang-bcrypt.git", "14641089aa8ad8f9c17886c3ecf534868a282431", []},
  "decimal": {:package, "0.2.5"},
  "ecto": {:package, "0.2.4"},
  "ex_conf": {:package, "0.1.2"},
  "httpotion": {:git, "git://github.com/myfreeweb/httpotion.git", "1a7d8ac3d5f7c2da5d48496acf3adfc9f73fcc69", []},
  "ibrowse": {:git, "git://github.com/cmullaparthi/ibrowse.git", "7871e2ebe8811efb64e1917e2de455fa87e8dfe3", [tag: "v4.1.0"]},
  "inflex": {:package, "0.2.4"},
  "jazz": {:package, "0.1.2"},
  "phoenix": {:package, "0.3.0"},
  "plug": {:package, "0.5.1"},
  "poolboy": {:package, "1.2.1"},
  "postgrex": {:package, "0.6.0"}}
